<?xml version="1.0" encoding="utf-8"?>
<Project ToolsVersion="4.0" xmlns="http://schemas.microsoft.com/developer/msbuild/2003">
  <ItemGroup>
    <Filter Include="Header Files">
      <UniqueIdentifier>{93995380-89BD-4b04-88EB-625FBE52EBFB}</UniqueIdentifier>
      <Extensions>h;hpp;hxx;hm;inl;inc;xsd</Extensions>
    </Filter>
    <Filter Include="crypt">
      <UniqueIdentifier>{d617217c-5979-43fb-ad39-46d3118177a6}</UniqueIdentifier>
    </Filter>
    <Filter Include="file">
      <UniqueIdentifier>{9be3f119-8c19-41bb-ad32-c8bf83ea1f9f}</UniqueIdentifier>
    </Filter>
    <Filter Include="time">
      <UniqueIdentifier>{44d24478-a6d6-4037-a013-a62a66aec34b}</UniqueIdentifier>
    </Filter>
    <Filter Include="ui">
      <UniqueIdentifier>{0d723d37-e6e9-40df-92af-277ac18bdde2}</UniqueIdentifier>
    </Filter>
    <Filter Include="ui\browser">
      <UniqueIdentifier>{38e50dbd-d837-48c4-a53f-8c2a7aabab8b}</UniqueIdentifier>
    </Filter>
    <Filter Include="file\db">
      <UniqueIdentifier>{70cb8bbf-b767-4aea-a342-fe76cd9767c6}</UniqueIdentifier>
    </Filter>
  </ItemGroup>
  <ItemGroup>
    <ClCompile Include="file\inifile.cpp">
      <Filter>file</Filter>
    </ClCompile>
    <ClCompile Include="file\QFile.cpp">
      <Filter>file</Filter>
    </ClCompile>
    <ClCompile Include="ui\browser\WebBrowser.cpp">
      <Filter>ui\browser</Filter>
    </ClCompile>
    <ClCompile Include="ui\browser\WebPage.c">
      <Filter>ui\browser</Filter>
    </ClCompile>
    <ClCompile Include="ui\browser\WebUIController.cpp">
      <Filter>ui\browser</Filter>
    </ClCompile>
    <ClCompile Include="ui\ECtrl.cpp">
      <Filter>ui</Filter>
    </ClCompile>
    <ClCompile Include="ui\QApp.cpp">
      <Filter>ui</Filter>
    </ClCompile>
    <ClCompile Include="ui\QConfig.cpp">
      <Filter>ui</Filter>
    </ClCompile>
    <ClCompile Include="ui\QDialog.cpp">
      <Filter>ui</Filter>
    </ClCompile>
    <ClCompile Include="ui\QForm.cpp">
      <Filter>ui</Filter>
    </ClCompile>
    <ClCompile Include="ui\QFrame.cpp">
      <Filter>ui</Filter>
    </ClCompile>
    <ClCompile Include="ui\QSkinUI.cpp">
      <Filter>ui</Filter>
    </ClCompile>
    <ClCompile Include="ui\QUIEvent.cpp">
      <Filter>ui</Filter>
    </ClCompile>
    <ClCompile Include="ui\QUIMgr.cpp">
      <Filter>ui</Filter>
    </ClCompile>
    <ClCompile Include="ui\QView.cpp">
      <Filter>ui</Filter>
    </ClCompile>
    <ClCompile Include="ui\WndHelper.cpp">
      <Filter>ui</Filter>
    </ClCompile>
    <ClCompile Include="ui\WndShadow.cpp">
      <Filter>ui</Filter>
    </ClCompile>
    <ClCompile Include="time\QTime.cpp">
      <Filter>time</Filter>
    </ClCompile>
    <ClCompile Include="crypt\crijndael.cpp">
      <Filter>crypt</Filter>
    </ClCompile>
    <ClCompile Include="crypt\CXUnzip.cpp">
      <Filter>crypt</Filter>
    </ClCompile>
    <ClCompile Include="crypt\md5.cpp">
      <Filter>crypt</Filter>
    </ClCompile>
    <ClCompile Include="crypt\QDataEnDe.cpp">
      <Filter>crypt</Filter>
    </ClCompile>
    <ClCompile Include="crypt\XUnzip.cpp">
      <Filter>crypt</Filter>
    </ClCompile>
    <ClCompile Include="crypt\XZip.cpp">
      <Filter>crypt</Filter>
    </ClCompile>
    <ClCompile Include="crypt\zlibdata.cpp">
      <Filter>crypt</Filter>
    </ClCompile>
    <ClCompile Include="AppHelper.cpp" />
    <ClCompile Include="QBuffer.cpp" />
    <ClCompile Include="QUI.cpp" />
    <ClCompile Include="stdafx.cpp" />
    <ClCompile Include="file\TextFile.cpp">
      <Filter>file</Filter>
    </ClCompile>
    <ClCompile Include="file\db\codec.c">
      <Filter>file\db</Filter>
    </ClCompile>
    <ClCompile Include="file\db\wxsqlite3.cpp">
      <Filter>file\db</Filter>
    </ClCompile>
    <ClCompile Include="crypt\rijndael.c">
      <Filter>crypt</Filter>
    </ClCompile>
  </ItemGroup>
  <ItemGroup>
    <ClInclude Include="file\inifile.h">
      <Filter>file</Filter>
    </ClInclude>
    <ClInclude Include="file\QFile.h">
      <Filter>file</Filter>
    </ClInclude>
    <ClInclude Include="ui\browser\WebBrowser.h">
      <Filter>ui\browser</Filter>
    </ClInclude>
    <ClInclude Include="ui\browser\WebPage.h">
      <Filter>ui\browser</Filter>
    </ClInclude>
    <ClInclude Include="ui\browser\WebUIController.h">
      <Filter>ui\browser</Filter>
    </ClInclude>
    <ClInclude Include="ui\autohidewnd.h">
      <Filter>ui</Filter>
    </ClInclude>
    <ClInclude Include="ui\BackHelper.h">
      <Filter>ui</Filter>
    </ClInclude>
    <ClInclude Include="ui\CoolContextMenu.h">
      <Filter>ui</Filter>
    </ClInclude>
    <ClInclude Include="ui\ECtrl.h">
      <Filter>ui</Filter>
    </ClInclude>
    <ClInclude Include="ui\QApp.h">
      <Filter>ui</Filter>
    </ClInclude>
    <ClInclude Include="ui\QConfig.h">
      <Filter>ui</Filter>
    </ClInclude>
    <ClInclude Include="ui\QDebugWnd.h">
      <Filter>ui</Filter>
    </ClInclude>
    <ClInclude Include="ui\QDialog.h">
      <Filter>ui</Filter>
    </ClInclude>
    <ClInclude Include="ui\QForm.h">
      <Filter>ui</Filter>
    </ClInclude>
    <ClInclude Include="ui\QFrame.h">
      <Filter>ui</Filter>
    </ClInclude>
    <ClInclude Include="ui\QMessageLoop.h">
      <Filter>ui</Filter>
    </ClInclude>
    <ClInclude Include="ui\QSkinUI.h">
      <Filter>ui</Filter>
    </ClInclude>
    <ClInclude Include="ui\QUIDlgs.h">
      <Filter>ui</Filter>
    </ClInclude>
    <ClInclude Include="ui\QUIEvent.h">
      <Filter>ui</Filter>
    </ClInclude>
    <ClInclude Include="ui\QUIFunction.h">
      <Filter>ui</Filter>
    </ClInclude>
    <ClInclude Include="ui\QUIGlobal.h">
      <Filter>ui</Filter>
    </ClInclude>
    <ClInclude Include="ui\QUIMgr.h">
      <Filter>ui</Filter>
    </ClInclude>
    <ClInclude Include="ui\QUIResource.h">
      <Filter>ui</Filter>
    </ClInclude>
    <ClInclude Include="ui\QView.h">
      <Filter>ui</Filter>
    </ClInclude>
    <ClInclude Include="ui\WndHelper.h">
      <Filter>ui</Filter>
    </ClInclude>
    <ClInclude Include="ui\WndShadow.h">
      <Filter>ui</Filter>
    </ClInclude>
    <ClInclude Include="time\QTime.h">
      <Filter>time</Filter>
    </ClInclude>
    <ClInclude Include="crypt\crijndael.h">
      <Filter>crypt</Filter>
    </ClInclude>
    <ClInclude Include="crypt\CXUnzip.h">
      <Filter>crypt</Filter>
    </ClInclude>
    <ClInclude Include="crypt\md5.h">
      <Filter>crypt</Filter>
    </ClInclude>
    <ClInclude Include="crypt\QDataEnDe.h">
      <Filter>crypt</Filter>
    </ClInclude>
    <ClInclude Include="crypt\unzip.h">
      <Filter>crypt</Filter>
    </ClInclude>
    <ClInclude Include="crypt\XUnzip.h">
      <Filter>crypt</Filter>
    </ClInclude>
    <ClInclude Include="crypt\XZip.h">
      <Filter>crypt</Filter>
    </ClInclude>
    <ClInclude Include="crypt\zip.h">
      <Filter>crypt</Filter>
    </ClInclude>
    <ClInclude Include="crypt\zlibdata.h">
      <Filter>crypt</Filter>
    </ClInclude>
    <ClInclude Include="AppHelper.h">
      <Filter>Header Files</Filter>
    </ClInclude>
    <ClInclude Include="BaseType.h">
      <Filter>Header Files</Filter>
    </ClInclude>
    <ClInclude Include="QBuffer.h">
      <Filter>Header Files</Filter>
    </ClInclude>
    <ClInclude Include="qmemfile.h">
      <Filter>Header Files</Filter>
    </ClInclude>
    <ClInclude Include="stdafx.h">
      <Filter>Header Files</Filter>
    </ClInclude>
    <ClInclude Include="stdstring.h">
      <Filter>Header Files</Filter>
    </ClInclude>
    <ClInclude Include="XTrace.h">
      <Filter>Header Files</Filter>
    </ClInclude>
    <ClInclude Include="file\TextFile.h">
      <Filter>file</Filter>
    </ClInclude>
    <ClInclude Include="file\db\codec.h">
      <Filter>file\db</Filter>
    </ClInclude>
    <ClInclude Include="file\db\QDBMgr.h">
      <Filter>file\db</Filter>
    </ClInclude>
    <ClInclude Include="file\db\sqlite3.h">
      <Filter>file\db</Filter>
    </ClInclude>
    <ClInclude Include="file\db\sqlite3ext.h">
      <Filter>file\db</Filter>
    </ClInclude>
    <ClInclude Include="crypt\rijndael.h">
      <Filter>crypt</Filter>
    </ClInclude>
  </ItemGroup>
  <ItemGroup>
    <None Include="tree.hh" />
    <None Include="file\db\sqlite3.def">
      <Filter>file\db</Filter>
    </None>
  </ItemGroup>
</Project>