
Microsoft Visual Studio Solution File, Format Version 12.00
# Visual Studio 2013
VisualStudioVersion = 12.0.40629.0
MinimumVisualStudioVersion = 10.0.40219.1
Project("{8BC9CEB8-8B4A-11D0-8D11-00A0C91BC942}") = "zlib", "..\deps\zlib\zlib.vcxproj", "{D6B774B4-60ED-46EC-885A-5795567A6B63}"
EndProject
Project("{8BC9CEB8-8B4A-11D0-8D11-00A0C91BC942}") = "qui", "qui.vcxproj", "{D2A45C3A-2633-419F-9AB0-BAA89AAFE278}"
	ProjectSection(ProjectDependencies) = postProject
		{D6B774B4-60ED-46EC-885A-5795567A6B63} = {D6B774B4-60ED-46EC-885A-5795567A6B63}
	EndProjectSection
EndProject
Project("{2150E333-8FDC-42A3-9474-1A3956D46DE8}") = "demo", "demo", "{DAEE5F56-0D2A-48BA-A1A6-C3197E98EFA0}"
EndProject
Project("{8BC9CEB8-8B4A-11D0-8D11-00A0C91BC942}") = "login", "..\demo\login\login.vcxproj", "{515D90EE-5F40-45D8-8F76-DE53D7B5DF67}"
EndProject
Global
	GlobalSection(SolutionConfigurationPlatforms) = preSolution
		Debug|Win32 = Debug|Win32
		mt|Win32 = mt|Win32
		mtd|Win32 = mtd|Win32
		Release|Win32 = Release|Win32
	EndGlobalSection
	GlobalSection(ProjectConfigurationPlatforms) = postSolution
		{D6B774B4-60ED-46EC-885A-5795567A6B63}.Debug|Win32.ActiveCfg = mtd|Win32
		{D6B774B4-60ED-46EC-885A-5795567A6B63}.Debug|Win32.Build.0 = mtd|Win32
		{D6B774B4-60ED-46EC-885A-5795567A6B63}.mt|Win32.ActiveCfg = mt|Win32
		{D6B774B4-60ED-46EC-885A-5795567A6B63}.mt|Win32.Build.0 = mt|Win32
		{D6B774B4-60ED-46EC-885A-5795567A6B63}.mtd|Win32.ActiveCfg = mtd|Win32
		{D6B774B4-60ED-46EC-885A-5795567A6B63}.mtd|Win32.Build.0 = mtd|Win32
		{D6B774B4-60ED-46EC-885A-5795567A6B63}.Release|Win32.ActiveCfg = mt|Win32
		{D6B774B4-60ED-46EC-885A-5795567A6B63}.Release|Win32.Build.0 = mt|Win32
		{D2A45C3A-2633-419F-9AB0-BAA89AAFE278}.Debug|Win32.ActiveCfg = mtd|Win32
		{D2A45C3A-2633-419F-9AB0-BAA89AAFE278}.Debug|Win32.Build.0 = mtd|Win32
		{D2A45C3A-2633-419F-9AB0-BAA89AAFE278}.mt|Win32.ActiveCfg = mt|Win32
		{D2A45C3A-2633-419F-9AB0-BAA89AAFE278}.mt|Win32.Build.0 = mt|Win32
		{D2A45C3A-2633-419F-9AB0-BAA89AAFE278}.mtd|Win32.ActiveCfg = mtd|Win32
		{D2A45C3A-2633-419F-9AB0-BAA89AAFE278}.mtd|Win32.Build.0 = mtd|Win32
		{D2A45C3A-2633-419F-9AB0-BAA89AAFE278}.Release|Win32.ActiveCfg = mt|Win32
		{D2A45C3A-2633-419F-9AB0-BAA89AAFE278}.Release|Win32.Build.0 = mt|Win32
		{515D90EE-5F40-45D8-8F76-DE53D7B5DF67}.Debug|Win32.ActiveCfg = mtd|Win32
		{515D90EE-5F40-45D8-8F76-DE53D7B5DF67}.Debug|Win32.Build.0 = mtd|Win32
		{515D90EE-5F40-45D8-8F76-DE53D7B5DF67}.mt|Win32.ActiveCfg = mt|Win32
		{515D90EE-5F40-45D8-8F76-DE53D7B5DF67}.mt|Win32.Build.0 = mt|Win32
		{515D90EE-5F40-45D8-8F76-DE53D7B5DF67}.mtd|Win32.ActiveCfg = mtd|Win32
		{515D90EE-5F40-45D8-8F76-DE53D7B5DF67}.mtd|Win32.Build.0 = mtd|Win32
		{515D90EE-5F40-45D8-8F76-DE53D7B5DF67}.Release|Win32.ActiveCfg = mt|Win32
		{515D90EE-5F40-45D8-8F76-DE53D7B5DF67}.Release|Win32.Build.0 = mt|Win32
	EndGlobalSection
	GlobalSection(SolutionProperties) = preSolution
		HideSolutionNode = FALSE
	EndGlobalSection
	GlobalSection(NestedProjects) = preSolution
		{515D90EE-5F40-45D8-8F76-DE53D7B5DF67} = {DAEE5F56-0D2A-48BA-A1A6-C3197E98EFA0}
	EndGlobalSection
EndGlobal
